// !$*UTF8*$!
{
	archiveVersion = 1;
	classes = {
	};
	objectVersion = 51;
	objects = {

/* Begin PBXBuildFile section */
		4075836F244F411E00C12964 /* Workout.swift in Sources */ = {isa = PBXBuildFile; fileRef = 4075836E244F411E00C12964 /* Workout.swift */; };
		40758371244F412C00C12964 /* Exercise.swift in Sources */ = {isa = PBXBuildFile; fileRef = 40758370244F412C00C12964 /* Exercise.swift */; };
		40758373244F53E900C12964 /* ExerciseListViewController.swift in Sources */ = {isa = PBXBuildFile; fileRef = 40758372244F53E900C12964 /* ExerciseListViewController.swift */; };
		40758375244F547500C12964 /* WorkoutListViewController.swift in Sources */ = {isa = PBXBuildFile; fileRef = 40758374244F547500C12964 /* WorkoutListViewController.swift */; };
		40758377245096CE00C12964 /* UserWorkoutSession.swift in Sources */ = {isa = PBXBuildFile; fileRef = 40758376245096CE00C12964 /* UserWorkoutSession.swift */; };
		40758379245098CC00C12964 /* SessionExercise.swift in Sources */ = {isa = PBXBuildFile; fileRef = 40758378245098CC00C12964 /* SessionExercise.swift */; };
		4075837B24509E5F00C12964 /* UserWorkoutSessionViewController.swift in Sources */ = {isa = PBXBuildFile; fileRef = 4075837A24509E5F00C12964 /* UserWorkoutSessionViewController.swift */; };
		4075837D24509E7C00C12964 /* SessionExerciseListViewController.swift in Sources */ = {isa = PBXBuildFile; fileRef = 4075837C24509E7C00C12964 /* SessionExerciseListViewController.swift */; };
		40758381245358BD00C12964 /* LogExerciseViewController.swift in Sources */ = {isa = PBXBuildFile; fileRef = 40758380245358BD00C12964 /* LogExerciseViewController.swift */; };
		40758384245763DC00C12964 /* FinishedExerciseSets.swift in Sources */ = {isa = PBXBuildFile; fileRef = 4075838224536C5400C12964 /* FinishedExerciseSets.swift */; };
		407583862458CC7600C12964 /* ProgressViewController.swift in Sources */ = {isa = PBXBuildFile; fileRef = 407583852458CC7600C12964 /* ProgressViewController.swift */; };
		407583892458EA5300C12964 /* Helper.swift in Sources */ = {isa = PBXBuildFile; fileRef = 407583882458EA5300C12964 /* Helper.swift */; };
		407AE65C243C00AC000B8097 /* AppDelegate.swift in Sources */ = {isa = PBXBuildFile; fileRef = 407AE65B243C00AC000B8097 /* AppDelegate.swift */; };
		407AE65E243C00AC000B8097 /* SceneDelegate.swift in Sources */ = {isa = PBXBuildFile; fileRef = 407AE65D243C00AC000B8097 /* SceneDelegate.swift */; };
		407AE663243C00AC000B8097 /* Main.storyboard in Resources */ = {isa = PBXBuildFile; fileRef = 407AE661243C00AC000B8097 /* Main.storyboard */; };
		407AE665243C00AF000B8097 /* Assets.xcassets in Resources */ = {isa = PBXBuildFile; fileRef = 407AE664243C00AF000B8097 /* Assets.xcassets */; };
		407AE668243C00AF000B8097 /* LaunchScreen.storyboard in Resources */ = {isa = PBXBuildFile; fileRef = 407AE666243C00AF000B8097 /* LaunchScreen.storyboard */; };
		A8276CEF559D18FFC3015F95 /* Pods_Workout_Tracker.framework in Frameworks */ = {isa = PBXBuildFile; fileRef = 9E64965E80820B752E7A6043 /* Pods_Workout_Tracker.framework */; };
/* End PBXBuildFile section */

/* Begin PBXCopyFilesBuildPhase section */
		407AE693243C00B3000B8097 /* Embed Watch Content */ = {
			isa = PBXCopyFilesBuildPhase;
			buildActionMask = 2147483647;
			dstPath = "$(CONTENTS_FOLDER_PATH)/Watch";
			dstSubfolderSpec = 16;
			files = (
			);
			name = "Embed Watch Content";
			runOnlyForDeploymentPostprocessing = 0;
		};
/* End PBXCopyFilesBuildPhase section */

/* Begin PBXFileReference section */
		032E680E58A7D61ED63C0EFB /* Pods-Workout-Tracker.debug.xcconfig */ = {isa = PBXFileReference; includeInIndex = 1; lastKnownFileType = text.xcconfig; name = "Pods-Workout-Tracker.debug.xcconfig"; path = "Target Support Files/Pods-Workout-Tracker/Pods-Workout-Tracker.debug.xcconfig"; sourceTree = "<group>"; };
		106EB52A206BD59EB335BFC8 /* Pods_Workout_Tracker_WatchKit_App.framework */ = {isa = PBXFileReference; explicitFileType = wrapper.framework; includeInIndex = 0; path = Pods_Workout_Tracker_WatchKit_App.framework; sourceTree = BUILT_PRODUCTS_DIR; };
		3AC51E292999F3E77DC0909E /* Pods-Workout-Tracker WatchKit App.debug.xcconfig */ = {isa = PBXFileReference; includeInIndex = 1; lastKnownFileType = text.xcconfig; name = "Pods-Workout-Tracker WatchKit App.debug.xcconfig"; path = "Target Support Files/Pods-Workout-Tracker WatchKit App/Pods-Workout-Tracker WatchKit App.debug.xcconfig"; sourceTree = "<group>"; };
		4075836E244F411E00C12964 /* Workout.swift */ = {isa = PBXFileReference; lastKnownFileType = sourcecode.swift; path = Workout.swift; sourceTree = "<group>"; };
		40758370244F412C00C12964 /* Exercise.swift */ = {isa = PBXFileReference; lastKnownFileType = sourcecode.swift; path = Exercise.swift; sourceTree = "<group>"; };
		40758372244F53E900C12964 /* ExerciseListViewController.swift */ = {isa = PBXFileReference; lastKnownFileType = sourcecode.swift; path = ExerciseListViewController.swift; sourceTree = "<group>"; };
		40758374244F547500C12964 /* WorkoutListViewController.swift */ = {isa = PBXFileReference; lastKnownFileType = sourcecode.swift; path = WorkoutListViewController.swift; sourceTree = "<group>"; };
		40758376245096CE00C12964 /* UserWorkoutSession.swift */ = {isa = PBXFileReference; lastKnownFileType = sourcecode.swift; path = "\U0010UserWorkoutSession.swift"; sourceTree = "<group>"; };
		40758378245098CC00C12964 /* SessionExercise.swift */ = {isa = PBXFileReference; lastKnownFileType = sourcecode.swift; path = SessionExercise.swift; sourceTree = "<group>"; };
		4075837A24509E5F00C12964 /* UserWorkoutSessionViewController.swift */ = {isa = PBXFileReference; lastKnownFileType = sourcecode.swift; path = UserWorkoutSessionViewController.swift; sourceTree = "<group>"; };
		4075837C24509E7C00C12964 /* SessionExerciseListViewController.swift */ = {isa = PBXFileReference; lastKnownFileType = sourcecode.swift; path = SessionExerciseListViewController.swift; sourceTree = "<group>"; };
		40758380245358BD00C12964 /* LogExerciseViewController.swift */ = {isa = PBXFileReference; lastKnownFileType = sourcecode.swift; path = LogExerciseViewController.swift; sourceTree = "<group>"; };
		4075838224536C5400C12964 /* FinishedExerciseSets.swift */ = {isa = PBXFileReference; lastKnownFileType = sourcecode.swift; path = FinishedExerciseSets.swift; sourceTree = "<group>"; };
		407583852458CC7600C12964 /* ProgressViewController.swift */ = {isa = PBXFileReference; lastKnownFileType = sourcecode.swift; path = ProgressViewController.swift; sourceTree = "<group>"; };
		407583882458EA5300C12964 /* Helper.swift */ = {isa = PBXFileReference; lastKnownFileType = sourcecode.swift; path = Helper.swift; sourceTree = "<group>"; };
		407AE658243C00AC000B8097 /* Workout-Tracker.app */ = {isa = PBXFileReference; explicitFileType = wrapper.application; includeInIndex = 0; path = "Workout-Tracker.app"; sourceTree = BUILT_PRODUCTS_DIR; };
		407AE65B243C00AC000B8097 /* AppDelegate.swift */ = {isa = PBXFileReference; lastKnownFileType = sourcecode.swift; path = AppDelegate.swift; sourceTree = "<group>"; };
		407AE65D243C00AC000B8097 /* SceneDelegate.swift */ = {isa = PBXFileReference; lastKnownFileType = sourcecode.swift; path = SceneDelegate.swift; sourceTree = "<group>"; };
		407AE662243C00AC000B8097 /* Base */ = {isa = PBXFileReference; lastKnownFileType = file.storyboard; name = Base; path = Base.lproj/Main.storyboard; sourceTree = "<group>"; };
		407AE664243C00AF000B8097 /* Assets.xcassets */ = {isa = PBXFileReference; lastKnownFileType = folder.assetcatalog; path = Assets.xcassets; sourceTree = "<group>"; };
		407AE667243C00AF000B8097 /* Base */ = {isa = PBXFileReference; lastKnownFileType = file.storyboard; name = Base; path = Base.lproj/LaunchScreen.storyboard; sourceTree = "<group>"; };
		407AE669243C00AF000B8097 /* Info.plist */ = {isa = PBXFileReference; lastKnownFileType = text.plist.xml; path = Info.plist; sourceTree = "<group>"; };
		407AE672243C00AF000B8097 /* Base */ = {isa = PBXFileReference; lastKnownFileType = file.storyboard; name = Base; path = Base.lproj/Interface.storyboard; sourceTree = "<group>"; };
		407AE674243C00B1000B8097 /* Assets.xcassets */ = {isa = PBXFileReference; lastKnownFileType = folder.assetcatalog; path = Assets.xcassets; sourceTree = "<group>"; };
		407AE676243C00B1000B8097 /* Info.plist */ = {isa = PBXFileReference; lastKnownFileType = text.plist.xml; path = Info.plist; sourceTree = "<group>"; };
		407AE680243C00B2000B8097 /* InterfaceController.swift */ = {isa = PBXFileReference; lastKnownFileType = sourcecode.swift; path = InterfaceController.swift; sourceTree = "<group>"; };
		407AE682243C00B2000B8097 /* ExtensionDelegate.swift */ = {isa = PBXFileReference; lastKnownFileType = sourcecode.swift; path = ExtensionDelegate.swift; sourceTree = "<group>"; };
		407AE684243C00B2000B8097 /* NotificationController.swift */ = {isa = PBXFileReference; lastKnownFileType = sourcecode.swift; path = NotificationController.swift; sourceTree = "<group>"; };
		407AE686243C00B3000B8097 /* Assets.xcassets */ = {isa = PBXFileReference; lastKnownFileType = folder.assetcatalog; path = Assets.xcassets; sourceTree = "<group>"; };
		407AE688243C00B3000B8097 /* Info.plist */ = {isa = PBXFileReference; lastKnownFileType = text.plist.xml; path = Info.plist; sourceTree = "<group>"; };
		407AE689243C00B3000B8097 /* PushNotificationPayload.apns */ = {isa = PBXFileReference; lastKnownFileType = text; path = PushNotificationPayload.apns; sourceTree = "<group>"; };
		7B7875975F91D5EADCEA5C95 /* Pods-Workout-Tracker.release.xcconfig */ = {isa = PBXFileReference; includeInIndex = 1; lastKnownFileType = text.xcconfig; name = "Pods-Workout-Tracker.release.xcconfig"; path = "Target Support Files/Pods-Workout-Tracker/Pods-Workout-Tracker.release.xcconfig"; sourceTree = "<group>"; };
		84A8A073D667F8FC88002D0D /* Pods-Workout-Tracker WatchKit App.release.xcconfig */ = {isa = PBXFileReference; includeInIndex = 1; lastKnownFileType = text.xcconfig; name = "Pods-Workout-Tracker WatchKit App.release.xcconfig"; path = "Target Support Files/Pods-Workout-Tracker WatchKit App/Pods-Workout-Tracker WatchKit App.release.xcconfig"; sourceTree = "<group>"; };
		95EB644BD6EE35970356F0AA /* Pods-Workout-Tracker WatchKit Extension.release.xcconfig */ = {isa = PBXFileReference; includeInIndex = 1; lastKnownFileType = text.xcconfig; name = "Pods-Workout-Tracker WatchKit Extension.release.xcconfig"; path = "Target Support Files/Pods-Workout-Tracker WatchKit Extension/Pods-Workout-Tracker WatchKit Extension.release.xcconfig"; sourceTree = "<group>"; };
		9A5B43F2CD63EFFC223AAD67 /* Pods_Workout_Tracker_WatchKit_Extension.framework */ = {isa = PBXFileReference; explicitFileType = wrapper.framework; includeInIndex = 0; path = Pods_Workout_Tracker_WatchKit_Extension.framework; sourceTree = BUILT_PRODUCTS_DIR; };
		9E64965E80820B752E7A6043 /* Pods_Workout_Tracker.framework */ = {isa = PBXFileReference; explicitFileType = wrapper.framework; includeInIndex = 0; path = Pods_Workout_Tracker.framework; sourceTree = BUILT_PRODUCTS_DIR; };
		CE0E196AF284F58BF5D778B1 /* Pods-Workout-Tracker WatchKit Extension.debug.xcconfig */ = {isa = PBXFileReference; includeInIndex = 1; lastKnownFileType = text.xcconfig; name = "Pods-Workout-Tracker WatchKit Extension.debug.xcconfig"; path = "Target Support Files/Pods-Workout-Tracker WatchKit Extension/Pods-Workout-Tracker WatchKit Extension.debug.xcconfig"; sourceTree = "<group>"; };
/* End PBXFileReference section */

/* Begin PBXFrameworksBuildPhase section */
		407AE655243C00AC000B8097 /* Frameworks */ = {
			isa = PBXFrameworksBuildPhase;
			buildActionMask = 2147483647;
			files = (
				A8276CEF559D18FFC3015F95 /* Pods_Workout_Tracker.framework in Frameworks */,
			);
			runOnlyForDeploymentPostprocessing = 0;
		};
/* End PBXFrameworksBuildPhase section */

/* Begin PBXGroup section */
		1DC777B133162816071CB955 /* Pods */ = {
			isa = PBXGroup;
			children = (
				032E680E58A7D61ED63C0EFB /* Pods-Workout-Tracker.debug.xcconfig */,
				7B7875975F91D5EADCEA5C95 /* Pods-Workout-Tracker.release.xcconfig */,
				3AC51E292999F3E77DC0909E /* Pods-Workout-Tracker WatchKit App.debug.xcconfig */,
				84A8A073D667F8FC88002D0D /* Pods-Workout-Tracker WatchKit App.release.xcconfig */,
				CE0E196AF284F58BF5D778B1 /* Pods-Workout-Tracker WatchKit Extension.debug.xcconfig */,
				95EB644BD6EE35970356F0AA /* Pods-Workout-Tracker WatchKit Extension.release.xcconfig */,
			);
			path = Pods;
			sourceTree = "<group>";
		};
		298F1ED25153C23680B6D603 /* Frameworks */ = {
			isa = PBXGroup;
			children = (
				9E64965E80820B752E7A6043 /* Pods_Workout_Tracker.framework */,
				106EB52A206BD59EB335BFC8 /* Pods_Workout_Tracker_WatchKit_App.framework */,
				9A5B43F2CD63EFFC223AAD67 /* Pods_Workout_Tracker_WatchKit_Extension.framework */,
			);
			name = Frameworks;
			sourceTree = "<group>";
		};
		407583872458EA3B00C12964 /* Helper */ = {
			isa = PBXGroup;
			children = (
				407583882458EA5300C12964 /* Helper.swift */,
			);
			path = Helper;
			sourceTree = "<group>";
		};
		407AE64F243C00AC000B8097 = {
			isa = PBXGroup;
			children = (
				407AE65A243C00AC000B8097 /* Workout-Tracker */,
				407AE670243C00AF000B8097 /* Workout-Tracker WatchKit App */,
				407AE67F243C00B2000B8097 /* Workout-Tracker WatchKit Extension */,
				407AE659243C00AC000B8097 /* Products */,
				1DC777B133162816071CB955 /* Pods */,
				298F1ED25153C23680B6D603 /* Frameworks */,
			);
			sourceTree = "<group>";
		};
		407AE659243C00AC000B8097 /* Products */ = {
			isa = PBXGroup;
			children = (
				407AE658243C00AC000B8097 /* Workout-Tracker.app */,
			);
			name = Products;
			sourceTree = "<group>";
		};
		407AE65A243C00AC000B8097 /* Workout-Tracker */ = {
			isa = PBXGroup;
			children = (
				407583872458EA3B00C12964 /* Helper */,
				407AE69A243C039C000B8097 /* Model */,
				407AE65B243C00AC000B8097 /* AppDelegate.swift */,
				407AE65D243C00AC000B8097 /* SceneDelegate.swift */,
				407AE697243C036E000B8097 /* Controllers */,
				407AE698243C0379000B8097 /* View */,
				407AE699243C038A000B8097 /* Supporting Files */,
				407AE669243C00AF000B8097 /* Info.plist */,
			);
			path = "Workout-Tracker";
			sourceTree = "<group>";
		};
		407AE670243C00AF000B8097 /* Workout-Tracker WatchKit App */ = {
			isa = PBXGroup;
			children = (
				407AE671243C00AF000B8097 /* Interface.storyboard */,
				407AE674243C00B1000B8097 /* Assets.xcassets */,
				407AE676243C00B1000B8097 /* Info.plist */,
			);
			path = "Workout-Tracker WatchKit App";
			sourceTree = "<group>";
		};
		407AE67F243C00B2000B8097 /* Workout-Tracker WatchKit Extension */ = {
			isa = PBXGroup;
			children = (
				407AE680243C00B2000B8097 /* InterfaceController.swift */,
				407AE682243C00B2000B8097 /* ExtensionDelegate.swift */,
				407AE684243C00B2000B8097 /* NotificationController.swift */,
				407AE686243C00B3000B8097 /* Assets.xcassets */,
				407AE688243C00B3000B8097 /* Info.plist */,
				407AE689243C00B3000B8097 /* PushNotificationPayload.apns */,
			);
			path = "Workout-Tracker WatchKit Extension";
			sourceTree = "<group>";
		};
		407AE697243C036E000B8097 /* Controllers */ = {
			isa = PBXGroup;
			children = (
				40758374244F547500C12964 /* WorkoutListViewController.swift */,
				40758372244F53E900C12964 /* ExerciseListViewController.swift */,
				4075837A24509E5F00C12964 /* UserWorkoutSessionViewController.swift */,
				4075837C24509E7C00C12964 /* SessionExerciseListViewController.swift */,
				40758380245358BD00C12964 /* LogExerciseViewController.swift */,
				407583852458CC7600C12964 /* ProgressViewController.swift */,
			);
			path = Controllers;
			sourceTree = "<group>";
		};
		407AE698243C0379000B8097 /* View */ = {
			isa = PBXGroup;
			children = (
				407AE661243C00AC000B8097 /* Main.storyboard */,
			);
			path = View;
			sourceTree = "<group>";
		};
		407AE699243C038A000B8097 /* Supporting Files */ = {
			isa = PBXGroup;
			children = (
				407AE664243C00AF000B8097 /* Assets.xcassets */,
				407AE666243C00AF000B8097 /* LaunchScreen.storyboard */,
			);
			path = "Supporting Files";
			sourceTree = "<group>";
		};
		407AE69A243C039C000B8097 /* Model */ = {
			isa = PBXGroup;
			children = (
				4075836E244F411E00C12964 /* Workout.swift */,
				40758370244F412C00C12964 /* Exercise.swift */,
				40758376245096CE00C12964 /* UserWorkoutSession.swift */,
				40758378245098CC00C12964 /* SessionExercise.swift */,
				4075838224536C5400C12964 /* FinishedExerciseSets.swift */,
			);
			path = Model;
			sourceTree = "<group>";
		};
/* End PBXGroup section */

/* Begin PBXNativeTarget section */
		407AE657243C00AC000B8097 /* Workout-Tracker */ = {
			isa = PBXNativeTarget;
			buildConfigurationList = 407AE694243C00B3000B8097 /* Build configuration list for PBXNativeTarget "Workout-Tracker" */;
			buildPhases = (
				2BE950B2514915C500D9B4B3 /* [CP] Check Pods Manifest.lock */,
				407AE654243C00AC000B8097 /* Sources */,
				407AE655243C00AC000B8097 /* Frameworks */,
				407AE656243C00AC000B8097 /* Resources */,
				407AE693243C00B3000B8097 /* Embed Watch Content */,
				65B746CCADB72DA0C23DA940 /* [CP] Embed Pods Frameworks */,
			);
			buildRules = (
			);
			dependencies = (
			);
			name = "Workout-Tracker";
			productName = "Workout-Tracker";
			productReference = 407AE658243C00AC000B8097 /* Workout-Tracker.app */;
			productType = "com.apple.product-type.application";
		};
/* End PBXNativeTarget section */

/* Begin PBXProject section */
		407AE650243C00AC000B8097 /* Project object */ = {
			isa = PBXProject;
			attributes = {
				LastSwiftUpdateCheck = 1140;
				LastUpgradeCheck = 1140;
				ORGANIZATIONNAME = "Donald Seo";
				TargetAttributes = {
					407AE657243C00AC000B8097 = {
						CreatedOnToolsVersion = 11.4;
					};
				};
			};
			buildConfigurationList = 407AE653243C00AC000B8097 /* Build configuration list for PBXProject "Workout-Tracker" */;
			compatibilityVersion = "Xcode 9.3";
			developmentRegion = en;
			hasScannedForEncodings = 0;
			knownRegions = (
				en,
				Base,
			);
			mainGroup = 407AE64F243C00AC000B8097;
			productRefGroup = 407AE659243C00AC000B8097 /* Products */;
			projectDirPath = "";
			projectRoot = "";
			targets = (
				407AE657243C00AC000B8097 /* Workout-Tracker */,
			);
		};
/* End PBXProject section */

/* Begin PBXResourcesBuildPhase section */
		407AE656243C00AC000B8097 /* Resources */ = {
			isa = PBXResourcesBuildPhase;
			buildActionMask = 2147483647;
			files = (
				407AE668243C00AF000B8097 /* LaunchScreen.storyboard in Resources */,
				407AE665243C00AF000B8097 /* Assets.xcassets in Resources */,
				407AE663243C00AC000B8097 /* Main.storyboard in Resources */,
			);
			runOnlyForDeploymentPostprocessing = 0;
		};
/* End PBXResourcesBuildPhase section */

/* Begin PBXShellScriptBuildPhase section */
		2BE950B2514915C500D9B4B3 /* [CP] Check Pods Manifest.lock */ = {
			isa = PBXShellScriptBuildPhase;
			buildActionMask = 2147483647;
			files = (
			);
			inputFileListPaths = (
			);
			inputPaths = (
				"${PODS_PODFILE_DIR_PATH}/Podfile.lock",
				"${PODS_ROOT}/Manifest.lock",
			);
			name = "[CP] Check Pods Manifest.lock";
			outputFileListPaths = (
			);
			outputPaths = (
				"$(DERIVED_FILE_DIR)/Pods-Workout-Tracker-checkManifestLockResult.txt",
			);
			runOnlyForDeploymentPostprocessing = 0;
			shellPath = /bin/sh;
			shellScript = "diff \"${PODS_PODFILE_DIR_PATH}/Podfile.lock\" \"${PODS_ROOT}/Manifest.lock\" > /dev/null\nif [ $? != 0 ] ; then\n    # print error to STDERR\n    echo \"error: The sandbox is not in sync with the Podfile.lock. Run 'pod install' or update your CocoaPods installation.\" >&2\n    exit 1\nfi\n# This output is used by Xcode 'outputs' to avoid re-running this script phase.\necho \"SUCCESS\" > \"${SCRIPT_OUTPUT_FILE_0}\"\n";
			showEnvVarsInLog = 0;
		};
		65B746CCADB72DA0C23DA940 /* [CP] Embed Pods Frameworks */ = {
			isa = PBXShellScriptBuildPhase;
			buildActionMask = 2147483647;
			files = (
			);
			inputFileListPaths = (
				"${PODS_ROOT}/Target Support Files/Pods-Workout-Tracker/Pods-Workout-Tracker-frameworks-${CONFIGURATION}-input-files.xcfilelist",
			);
			name = "[CP] Embed Pods Frameworks";
			outputFileListPaths = (
				"${PODS_ROOT}/Target Support Files/Pods-Workout-Tracker/Pods-Workout-Tracker-frameworks-${CONFIGURATION}-output-files.xcfilelist",
			);
			runOnlyForDeploymentPostprocessing = 0;
			shellPath = /bin/sh;
			shellScript = "\"${PODS_ROOT}/Target Support Files/Pods-Workout-Tracker/Pods-Workout-Tracker-frameworks.sh\"\n";
			showEnvVarsInLog = 0;
		};
/* End PBXShellScriptBuildPhase section */

/* Begin PBXSourcesBuildPhase section */
		407AE654243C00AC000B8097 /* Sources */ = {
			isa = PBXSourcesBuildPhase;
			buildActionMask = 2147483647;
			files = (
				40758384245763DC00C12964 /* FinishedExerciseSets.swift in Sources */,
				407583892458EA5300C12964 /* Helper.swift in Sources */,
				40758373244F53E900C12964 /* ExerciseListViewController.swift in Sources */,
				40758375244F547500C12964 /* WorkoutListViewController.swift in Sources */,
				40758371244F412C00C12964 /* Exercise.swift in Sources */,
				407583862458CC7600C12964 /* ProgressViewController.swift in Sources */,
				4075837D24509E7C00C12964 /* SessionExerciseListViewController.swift in Sources */,
				407AE65C243C00AC000B8097 /* AppDelegate.swift in Sources */,
				40758379245098CC00C12964 /* SessionExercise.swift in Sources */,
				407AE65E243C00AC000B8097 /* SceneDelegate.swift in Sources */,
				40758377245096CE00C12964 /* UserWorkoutSession.swift in Sources */,
				4075836F244F411E00C12964 /* Workout.swift in Sources */,
				4075837B24509E5F00C12964 /* UserWorkoutSessionViewController.swift in Sources */,
				40758381245358BD00C12964 /* LogExerciseViewController.swift in Sources */,
			);
			runOnlyForDeploymentPostprocessing = 0;
		};
/* End PBXSourcesBuildPhase section */

/* Begin PBXVariantGroup section */
		407AE661243C00AC000B8097 /* Main.storyboard */ = {
			isa = PBXVariantGroup;
			children = (
				407AE662243C00AC000B8097 /* Base */,
			);
			name = Main.storyboard;
			sourceTree = "<group>";
		};
		407AE666243C00AF000B8097 /* LaunchScreen.storyboard */ = {
			isa = PBXVariantGroup;
			children = (
				407AE667243C00AF000B8097 /* Base */,
			);
			name = LaunchScreen.storyboard;
			sourceTree = "<group>";
		};
		407AE671243C00AF000B8097 /* Interface.storyboard */ = {
			isa = PBXVariantGroup;
			children = (
				407AE672243C00AF000B8097 /* Base */,
			);
			name = Interface.storyboard;
			sourceTree = "<group>";
		};
/* End PBXVariantGroup section */

/* Begin XCBuildConfiguration section */
		407AE68A243C00B3000B8097 /* Debug */ = {
			isa = XCBuildConfiguration;
			buildSettings = {
				ALWAYS_SEARCH_USER_PATHS = NO;
				CLANG_ANALYZER_NONNULL = YES;
				CLANG_ANALYZER_NUMBER_OBJECT_CONVERSION = YES_AGGRESSIVE;
				CLANG_CXX_LANGUAGE_STANDARD = "gnu++14";
				CLANG_CXX_LIBRARY = "libc++";
				CLANG_ENABLE_MODULES = YES;
				CLANG_ENABLE_OBJC_ARC = YES;
				CLANG_ENABLE_OBJC_WEAK = YES;
				CLANG_WARN_BLOCK_CAPTURE_AUTORELEASING = YES;
				CLANG_WARN_BOOL_CONVERSION = YES;
				CLANG_WARN_COMMA = YES;
				CLANG_WARN_CONSTANT_CONVERSION = YES;
				CLANG_WARN_DEPRECATED_OBJC_IMPLEMENTATIONS = YES;
				CLANG_WARN_DIRECT_OBJC_ISA_USAGE = YES_ERROR;
				CLANG_WARN_DOCUMENTATION_COMMENTS = YES;
				CLANG_WARN_EMPTY_BODY = YES;
				CLANG_WARN_ENUM_CONVERSION = YES;
				CLANG_WARN_INFINITE_RECURSION = YES;
				CLANG_WARN_INT_CONVERSION = YES;
				CLANG_WARN_NON_LITERAL_NULL_CONVERSION = YES;
				CLANG_WARN_OBJC_IMPLICIT_RETAIN_SELF = YES;
				CLANG_WARN_OBJC_LITERAL_CONVERSION = YES;
				CLANG_WARN_OBJC_ROOT_CLASS = YES_ERROR;
				CLANG_WARN_RANGE_LOOP_ANALYSIS = YES;
				CLANG_WARN_STRICT_PROTOTYPES = YES;
				CLANG_WARN_SUSPICIOUS_MOVE = YES;
				CLANG_WARN_UNGUARDED_AVAILABILITY = YES_AGGRESSIVE;
				CLANG_WARN_UNREACHABLE_CODE = YES;
				CLANG_WARN__DUPLICATE_METHOD_MATCH = YES;
				COPY_PHASE_STRIP = NO;
				DEBUG_INFORMATION_FORMAT = dwarf;
				ENABLE_STRICT_OBJC_MSGSEND = YES;
				ENABLE_TESTABILITY = YES;
				GCC_C_LANGUAGE_STANDARD = gnu11;
				GCC_DYNAMIC_NO_PIC = NO;
				GCC_NO_COMMON_BLOCKS = YES;
				GCC_OPTIMIZATION_LEVEL = 0;
				GCC_PREPROCESSOR_DEFINITIONS = (
					"DEBUG=1",
					"$(inherited)",
				);
				GCC_WARN_64_TO_32_BIT_CONVERSION = YES;
				GCC_WARN_ABOUT_RETURN_TYPE = YES_ERROR;
				GCC_WARN_UNDECLARED_SELECTOR = YES;
				GCC_WARN_UNINITIALIZED_AUTOS = YES_AGGRESSIVE;
				GCC_WARN_UNUSED_FUNCTION = YES;
				GCC_WARN_UNUSED_VARIABLE = YES;
				IPHONEOS_DEPLOYMENT_TARGET = 13.4;
				MTL_ENABLE_DEBUG_INFO = INCLUDE_SOURCE;
				MTL_FAST_MATH = YES;
				ONLY_ACTIVE_ARCH = YES;
				SDKROOT = iphoneos;
				SWIFT_ACTIVE_COMPILATION_CONDITIONS = DEBUG;
				SWIFT_OPTIMIZATION_LEVEL = "-Onone";
			};
			name = Debug;
		};
		407AE68B243C00B3000B8097 /* Release */ = {
			isa = XCBuildConfiguration;
			buildSettings = {
				ALWAYS_SEARCH_USER_PATHS = NO;
				CLANG_ANALYZER_NONNULL = YES;
				CLANG_ANALYZER_NUMBER_OBJECT_CONVERSION = YES_AGGRESSIVE;
				CLANG_CXX_LANGUAGE_STANDARD = "gnu++14";
				CLANG_CXX_LIBRARY = "libc++";
				CLANG_ENABLE_MODULES = YES;
				CLANG_ENABLE_OBJC_ARC = YES;
				CLANG_ENABLE_OBJC_WEAK = YES;
				CLANG_WARN_BLOCK_CAPTURE_AUTORELEASING = YES;
				CLANG_WARN_BOOL_CONVERSION = YES;
				CLANG_WARN_COMMA = YES;
				CLANG_WARN_CONSTANT_CONVERSION = YES;
				CLANG_WARN_DEPRECATED_OBJC_IMPLEMENTATIONS = YES;
				CLANG_WARN_DIRECT_OBJC_ISA_USAGE = YES_ERROR;
				CLANG_WARN_DOCUMENTATION_COMMENTS = YES;
				CLANG_WARN_EMPTY_BODY = YES;
				CLANG_WARN_ENUM_CONVERSION = YES;
				CLANG_WARN_INFINITE_RECURSION = YES;
				CLANG_WARN_INT_CONVERSION = YES;
				CLANG_WARN_NON_LITERAL_NULL_CONVERSION = YES;
				CLANG_WARN_OBJC_IMPLICIT_RETAIN_SELF = YES;
				CLANG_WARN_OBJC_LITERAL_CONVERSION = YES;
				CLANG_WARN_OBJC_ROOT_CLASS = YES_ERROR;
				CLANG_WARN_RANGE_LOOP_ANALYSIS = YES;
				CLANG_WARN_STRICT_PROTOTYPES = YES;
				CLANG_WARN_SUSPICIOUS_MOVE = YES;
				CLANG_WARN_UNGUARDED_AVAILABILITY = YES_AGGRESSIVE;
				CLANG_WARN_UNREACHABLE_CODE = YES;
				CLANG_WARN__DUPLICATE_METHOD_MATCH = YES;
				COPY_PHASE_STRIP = NO;
				DEBUG_INFORMATION_FORMAT = "dwarf-with-dsym";
				ENABLE_NS_ASSERTIONS = NO;
				ENABLE_STRICT_OBJC_MSGSEND = YES;
				GCC_C_LANGUAGE_STANDARD = gnu11;
				GCC_NO_COMMON_BLOCKS = YES;
				GCC_WARN_64_TO_32_BIT_CONVERSION = YES;
				GCC_WARN_ABOUT_RETURN_TYPE = YES_ERROR;
				GCC_WARN_UNDECLARED_SELECTOR = YES;
				GCC_WARN_UNINITIALIZED_AUTOS = YES_AGGRESSIVE;
				GCC_WARN_UNUSED_FUNCTION = YES;
				GCC_WARN_UNUSED_VARIABLE = YES;
				IPHONEOS_DEPLOYMENT_TARGET = 13.4;
				MTL_ENABLE_DEBUG_INFO = NO;
				MTL_FAST_MATH = YES;
				SDKROOT = iphoneos;
				SWIFT_COMPILATION_MODE = wholemodule;
				SWIFT_OPTIMIZATION_LEVEL = "-O";
				VALIDATE_PRODUCT = YES;
			};
			name = Release;
		};
		407AE695243C00B3000B8097 /* Debug */ = {
			isa = XCBuildConfiguration;
			baseConfigurationReference = 032E680E58A7D61ED63C0EFB /* Pods-Workout-Tracker.debug.xcconfig */;
			buildSettings = {
				ASSETCATALOG_COMPILER_APPICON_NAME = AppIcon;
				CODE_SIGN_STYLE = Automatic;
				DEVELOPMENT_TEAM = 87JCE5UR85;
				INFOPLIST_FILE = "Workout-Tracker/Info.plist";
				LD_RUNPATH_SEARCH_PATHS = (
					"$(inherited)",
					"@executable_path/Frameworks",
				);
				PRODUCT_BUNDLE_IDENTIFIER = "com.donaldseo.Workout-Tracker";
				PRODUCT_NAME = "$(TARGET_NAME)";
				SWIFT_VERSION = 5.0;
				TARGETED_DEVICE_FAMILY = "1,2";
			};
			name = Debug;
		};
		407AE696243C00B3000B8097 /* Release */ = {
			isa = XCBuildConfiguration;
			baseConfigurationReference = 7B7875975F91D5EADCEA5C95 /* Pods-Workout-Tracker.release.xcconfig */;
			buildSettings = {
				ASSETCATALOG_COMPILER_APPICON_NAME = AppIcon;
				CODE_SIGN_STYLE = Automatic;
				DEVELOPMENT_TEAM = 87JCE5UR85;
				INFOPLIST_FILE = "Workout-Tracker/Info.plist";
				LD_RUNPATH_SEARCH_PATHS = (
					"$(inherited)",
					"@executable_path/Frameworks",
				);
				PRODUCT_BUNDLE_IDENTIFIER = "com.donaldseo.Workout-Tracker";
				PRODUCT_NAME = "$(TARGET_NAME)";
				SWIFT_VERSION = 5.0;
				TARGETED_DEVICE_FAMILY = "1,2";
			};
			name = Release;
		};
/* End XCBuildConfiguration section */

/* Begin XCConfigurationList section */
		407AE653243C00AC000B8097 /* Build configuration list for PBXProject "Workout-Tracker" */ = {
			isa = XCConfigurationList;
			buildConfigurations = (
				407AE68A243C00B3000B8097 /* Debug */,
				407AE68B243C00B3000B8097 /* Release */,
			);
			defaultConfigurationIsVisible = 0;
			defaultConfigurationName = Release;
		};
		407AE694243C00B3000B8097 /* Build configuration list for PBXNativeTarget "Workout-Tracker" */ = {
			isa = XCConfigurationList;
			buildConfigurations = (
				407AE695243C00B3000B8097 /* Debug */,
				407AE696243C00B3000B8097 /* Release */,
			);
			defaultConfigurationIsVisible = 0;
			defaultConfigurationName = Release;
		};
/* End XCConfigurationList section */
	};
	rootObject = 407AE650243C00AC000B8097 /* Project object */;
}
